<?xml version="1.0"?>
<plist version="1.0">
	<dict>
		<key>archiveVersion</key>
		<string>1</string>
		<key>classes</key>
		<dict />
		<key>objectVersion</key>
		<string>46</string>
		<key>objects</key>
		<dict>
			<key>483908258D00B98B4BE69F07</key>
			<dict>
				<key>fileRef</key>
				<string>78D67A00EB899FAC09430597</string>
				<key>isa</key>
				<string>PBXBuildFile</string>
			</dict>
			<key>78D67A00EB899FAC09430597</key>
			<dict>
				<key>explicitFileType</key>
				<string>sourcecode.cpp.cpp</string>
				<key>fileEncoding</key>
				<string>30</string>
				<key>isa</key>
				<string>PBXFileReference</string>
				<key>name</key>
				<string>ofxLabel.cpp</string>
				<key>path</key>
				<string>../../../addons/ofxGui/src/ofxLabel.cpp</string>
				<key>sourceTree</key>
				<string>SOURCE_ROOT</string>
			</dict>
			<key>1C0DA2561397A7DE0246858B</key>
			<dict>
				<key>explicitFileType</key>
				<string>sourcecode.c.h</string>
				<key>fileEncoding</key>
				<string>30</string>
				<key>isa</key>
				<string>PBXFileReference</string>
				<key>name</key>
				<string>ofxGuiGroup.h</string>
				<key>path</key>
				<string>../../../addons/ofxGui/src/ofxGuiGroup.h</string>
				<key>sourceTree</key>
				<string>SOURCE_ROOT</string>
			</dict>
			<key>F285EB3169F1566CA3D93C20</key>
			<dict>
				<key>fileRef</key>
				<string>E112B3AEBEA2C091BF2B40AE</string>
				<key>isa</key>
				<string>PBXBuildFile</string>
			</dict>
			<key>E112B3AEBEA2C091BF2B40AE</key>
			<dict>
				<key>explicitFileType</key>
				<string>sourcecode.cpp.cpp</string>
				<key>fileEncoding</key>
				<string>30</string>
				<key>isa</key>
				<string>PBXFileReference</string>
				<key>name</key>
				<string>ofxPanel.cpp</string>
				<key>path</key>
				<string>../../../addons/ofxGui/src/ofxPanel.cpp</string>
				<key>sourceTree</key>
				<string>SOURCE_ROOT</string>
			</dict>
			<key>89449E3044D456F7DE7BEA14</key>
			<dict>
				<key>explicitFileType</key>
				<string>sourcecode.c.h</string>
				<key>fileEncoding</key>
				<string>30</string>
				<key>isa</key>
				<string>PBXFileReference</string>
				<key>name</key>
				<string>ofxPanel.h</string>
				<key>path</key>
				<string>../../../addons/ofxGui/src/ofxPanel.h</string>
				<key>sourceTree</key>
				<string>SOURCE_ROOT</string>
			</dict>
			<key>0A1DAC09F322AE313A40706D</key>
			<dict>
				<key>explicitFileType</key>
				<string>sourcecode.c.h</string>
				<key>fileEncoding</key>
				<string>30</string>
				<key>isa</key>
				<string>PBXFileReference</string>
				<key>name</key>
				<string>ofxToggle.h</string>
				<key>path</key>
				<string>../../../addons/ofxGui/src/ofxToggle.h</string>
				<key>sourceTree</key>
				<string>SOURCE_ROOT</string>
			</dict>
			<key>856AA354D08AB4B323081444</key>
			<dict>
				<key>fileRef</key>
				<string>9604B925D32EE39065747725</string>
				<key>isa</key>
				<string>PBXBuildFile</string>
			</dict>
			<key>9604B925D32EE39065747725</key>
			<dict>
				<key>explicitFileType</key>
				<string>sourcecode.cpp.cpp</string>
				<key>fileEncoding</key>
				<string>30</string>
				<key>isa</key>
				<string>PBXFileReference</string>
				<key>name</key>
				<string>ofxBaseGui.cpp</string>
				<key>path</key>
				<string>../../../addons/ofxGui/src/ofxBaseGui.cpp</string>
				<key>sourceTree</key>
				<string>SOURCE_ROOT</string>
			</dict>
			<key>87F26B4B24CBD428AD9EEBAA</key>
			<dict>
				<key>explicitFileType</key>
				<string>sourcecode.c.h</string>
				<key>fileEncoding</key>
				<string>30</string>
				<key>isa</key>
				<string>PBXFileReference</string>
				<key>name</key>
				<string>ofxBaseGui.h</string>
				<key>path</key>
				<string>../../../addons/ofxGui/src/ofxBaseGui.h</string>
				<key>sourceTree</key>
				<string>SOURCE_ROOT</string>
			</dict>
			<key>B266578FC55D23BFEBC042E7</key>
			<dict>
				<key>fileRef</key>
				<string>ECF8674C7975F1063C5E30CA</string>
				<key>isa</key>
				<string>PBXBuildFile</string>
			</dict>
			<key>ECF8674C7975F1063C5E30CA</key>
			<dict>
				<key>explicitFileType</key>
				<string>sourcecode.cpp.cpp</string>
				<key>fileEncoding</key>
				<string>30</string>
				<key>isa</key>
				<string>PBXFileReference</string>
				<key>name</key>
				<string>ofxGuiGroup.cpp</string>
				<key>path</key>
				<string>../../../addons/ofxGui/src/ofxGuiGroup.cpp</string>
				<key>sourceTree</key>
				<string>SOURCE_ROOT</string>
			</dict>
			<key>C70D8946940288799E82131E</key>
			<dict>
				<key>explicitFileType</key>
				<string>sourcecode.c.h</string>
				<key>fileEncoding</key>
				<string>30</string>
				<key>isa</key>
				<string>PBXFileReference</string>
				<key>name</key>
				<string>ofxSliderGroup.h</string>
				<key>path</key>
				<string>../../../addons/ofxGui/src/ofxSliderGroup.h</string>
				<key>sourceTree</key>
				<string>SOURCE_ROOT</string>
			</dict>
			<key>B87C60311EC1FE841C1ECD89</key>
			<dict>
				<key>explicitFileType</key>
				<string>sourcecode.c.h</string>
				<key>fileEncoding</key>
				<string>30</string>
				<key>isa</key>
				<string>PBXFileReference</string>
				<key>name</key>
				<string>ofxLabel.h</string>
				<key>path</key>
				<string>../../../addons/ofxGui/src/ofxLabel.h</string>
				<key>sourceTree</key>
				<string>SOURCE_ROOT</string>
			</dict>
			<key>B56FE57CC35806596D38118C</key>
			<dict>
				<key>fileRef</key>
				<string>802251BAF1B35B1D67B32FD0</string>
				<key>isa</key>
				<string>PBXBuildFile</string>
			</dict>
			<key>802251BAF1B35B1D67B32FD0</key>
			<dict>
				<key>explicitFileType</key>
				<string>sourcecode.cpp.cpp</string>
				<key>fileEncoding</key>
				<string>30</string>
				<key>isa</key>
				<string>PBXFileReference</string>
				<key>name</key>
				<string>ofxSliderGroup.cpp</string>
				<key>path</key>
				<string>../../../addons/ofxGui/src/ofxSliderGroup.cpp</string>
				<key>sourceTree</key>
				<string>SOURCE_ROOT</string>
			</dict>
			<key>17E65988300FBD9AAA2CD0CA</key>
			<dict>
				<key>explicitFileType</key>
				<string>sourcecode.c.h</string>
				<key>fileEncoding</key>
				<string>30</string>
				<key>isa</key>
				<string>PBXFileReference</string>
				<key>name</key>
				<string>ofxGui.h</string>
				<key>path</key>
				<string>../../../addons/ofxGui/src/ofxGui.h</string>
				<key>sourceTree</key>
				<string>SOURCE_ROOT</string>
			</dict>
			<key>5CBB2AB3A60F65431D7B555D</key>
			<dict>
				<key>fileRef</key>
				<string>C88333E71C9457E441C33474</string>
				<key>isa</key>
				<string>PBXBuildFile</string>
			</dict>
			<key>C88333E71C9457E441C33474</key>
			<dict>
				<key>explicitFileType</key>
				<string>sourcecode.cpp.cpp</string>
				<key>fileEncoding</key>
				<string>30</string>
				<key>isa</key>
				<string>PBXFileReference</string>
				<key>name</key>
				<string>ofxButton.cpp</string>
				<key>path</key>
				<string>../../../addons/ofxGui/src/ofxButton.cpp</string>
				<key>sourceTree</key>
				<string>SOURCE_ROOT</string>
			</dict>
			<key>1CD33E884D9E3358252E82A1</key>
			<dict>
				<key>fileRef</key>
				<string>907C5B5E104864A2D3A25745</string>
				<key>isa</key>
				<string>PBXBuildFile</string>
			</dict>
			<key>907C5B5E104864A2D3A25745</key>
			<dict>
				<key>explicitFileType</key>
				<string>sourcecode.cpp.cpp</string>
				<key>fileEncoding</key>
				<string>30</string>
				<key>isa</key>
				<string>PBXFileReference</string>
				<key>name</key>
				<string>ofxToggle.cpp</string>
				<key>path</key>
				<string>../../../addons/ofxGui/src/ofxToggle.cpp</string>
				<key>sourceTree</key>
				<string>SOURCE_ROOT</string>
			</dict>
			<key>52AFA1F08C420992CAAAE648</key>
			<dict>
				<key>explicitFileType</key>
				<string>sourcecode.c.h</string>
				<key>fileEncoding</key>
				<string>30</string>
				<key>isa</key>
				<string>PBXFileReference</string>
				<key>name</key>
				<string>ofxSlider.h</string>
				<key>path</key>
				<string>../../../addons/ofxGui/src/ofxSlider.h</string>
				<key>sourceTree</key>
				<string>SOURCE_ROOT</string>
			</dict>
			<key>837220E80EB56CD44AD27F2A</key>
			<dict>
				<key>fileRef</key>
				<string>15F2C6477A769C03A56D1401</string>
				<key>isa</key>
				<string>PBXBuildFile</string>
			</dict>
			<key>15F2C6477A769C03A56D1401</key>
			<dict>
				<key>explicitFileType</key>
				<string>sourcecode.cpp.cpp</string>
				<key>fileEncoding</key>
				<string>30</string>
				<key>isa</key>
				<string>PBXFileReference</string>
				<key>name</key>
				<string>ofxSlider.cpp</string>
				<key>path</key>
				<string>../../../addons/ofxGui/src/ofxSlider.cpp</string>
				<key>sourceTree</key>
				<string>SOURCE_ROOT</string>
			</dict>
			<key>A763ED608B35AE3310251DEE</key>
			<dict>
				<key>children</key>
				<array>
					<string>2834D88A62CD23F3DE2C47D1</string>
					<string>15F2C6477A769C03A56D1401</string>
					<string>52AFA1F08C420992CAAAE648</string>
					<string>907C5B5E104864A2D3A25745</string>
					<string>C88333E71C9457E441C33474</string>
					<string>17E65988300FBD9AAA2CD0CA</string>
					<string>802251BAF1B35B1D67B32FD0</string>
					<string>B87C60311EC1FE841C1ECD89</string>
					<string>C70D8946940288799E82131E</string>
					<string>ECF8674C7975F1063C5E30CA</string>
					<string>87F26B4B24CBD428AD9EEBAA</string>
					<string>9604B925D32EE39065747725</string>
					<string>0A1DAC09F322AE313A40706D</string>
					<string>89449E3044D456F7DE7BEA14</string>
					<string>E112B3AEBEA2C091BF2B40AE</string>
					<string>1C0DA2561397A7DE0246858B</string>
					<string>78D67A00EB899FAC09430597</string>
				</array>
				<key>isa</key>
				<string>PBXGroup</string>
				<key>name</key>
				<string>src</string>
				<key>sourceTree</key>
				<string>&lt;group&gt;</string>
			</dict>
			<key>480A780D8D0308AE4A368801</key>
			<dict>
				<key>children</key>
				<array>
					<string>A763ED608B35AE3310251DEE</string>
				</array>
				<key>isa</key>
				<string>PBXGroup</string>
				<key>name</key>
				<string>ofxGui</string>
				<key>sourceTree</key>
				<string>&lt;group&gt;</string>
			</dict>
			<key>2834D88A62CD23F3DE2C47D1</key>
			<dict>
				<key>explicitFileType</key>
				<string>sourcecode.c.h</string>
				<key>fileEncoding</key>
				<string>30</string>
				<key>isa</key>
				<string>PBXFileReference</string>
				<key>name</key>
				<string>ofxButton.h</string>
				<key>path</key>
				<string>../../../addons/ofxGui/src/ofxButton.h</string>
				<key>sourceTree</key>
				<string>SOURCE_ROOT</string>
			</dict>
			<key>96606DE12E99FDF9E434C174</key>
			<dict>
				<key>explicitFileType</key>
				<string>sourcecode.c.h</string>
				<key>fileEncoding</key>
				<string>30</string>
				<key>isa</key>
				<string>PBXFileReference</string>
				<key>name</key>
				<string>ofxAccelerometer.h</string>
				<key>path</key>
				<string>../../../addons/ofxAccelerometer/src/ofxAccelerometer.h</string>
				<key>sourceTree</key>
				<string>SOURCE_ROOT</string>
			</dict>
			<key>CB621BC24BC2252BCC4CA7A3</key>
			<dict>
				<key>children</key>
				<array>
					<string>61692D6416766C31AED983A0</string>
					<string>96606DE12E99FDF9E434C174</string>
				</array>
				<key>isa</key>
				<string>PBXGroup</string>
				<key>name</key>
				<string>src</string>
				<key>sourceTree</key>
				<string>&lt;group&gt;</string>
			</dict>
			<key>F7CAC7864EFA03C87A8E0818</key>
			<dict>
				<key>children</key>
				<array>
					<string>CB621BC24BC2252BCC4CA7A3</string>
				</array>
				<key>isa</key>
				<string>PBXGroup</string>
				<key>name</key>
				<string>ofxAccelerometer</string>
				<key>sourceTree</key>
				<string>&lt;group&gt;</string>
			</dict>
			<key>645C6DCD3BB9AE04C48EAD64</key>
			<dict>
				<key>fileRef</key>
				<string>61692D6416766C31AED983A0</string>
				<key>isa</key>
				<string>PBXBuildFile</string>
			</dict>
			<key>61692D6416766C31AED983A0</key>
			<dict>
				<key>explicitFileType</key>
				<string>sourcecode.cpp.cpp</string>
				<key>fileEncoding</key>
				<string>30</string>
				<key>isa</key>
				<string>PBXFileReference</string>
				<key>name</key>
				<string>ofxAccelerometer.cpp</string>
				<key>path</key>
				<string>../../../addons/ofxAccelerometer/src/ofxAccelerometer.cpp</string>
				<key>sourceTree</key>
				<string>SOURCE_ROOT</string>
			</dict>
			<key>19C28FACFE9D520D11CA2CBB</key>
			<dict>
				<key>children</key>
				<array>
					<string>1D6058910D05DD3D006BFB54</string>
				</array>
				<key>isa</key>
				<string>PBXGroup</string>
				<key>name</key>
				<string>Products</string>
				<key>sourceTree</key>
				<string>&lt;group&gt;</string>
			</dict>
			<key>1D30AB110D05D00D00671497</key>
			<dict>
				<key>isa</key>
				<string>PBXFileReference</string>
				<key>lastKnownFileType</key>
				<string>wrapper.framework</string>
				<key>name</key>
				<string>Foundation.framework</string>
				<key>path</key>
				<string>System/Library/Frameworks/Foundation.framework</string>
				<key>sourceTree</key>
				<string>SDKROOT</string>
			</dict>
			<key>1D60588D0D05DD3D006BFB54</key>
			<dict>
				<key>buildActionMask</key>
				<string>2147483647</string>
				<key>files</key>
				<array>
					<string>E41D3ED713B38FB500A75A5D</string>
					<string>E41D3EE613B3906D00A75A5D</string>
					<string>678E130817951530005B6D19</string>
					<string>678E130A17951536005B6D19</string>
					<string>678E130C1795153C005B6D19</string>
					<string>678E130E17951540005B6D19</string>
					<string>678E131017951549005B6D19</string>
				</array>
				<key>isa</key>
				<string>PBXResourcesBuildPhase</string>
				<key>runOnlyForDeploymentPostprocessing</key>
				<string>0</string>
			</dict>
			<key>1D60588E0D05DD3D006BFB54</key>
			<dict>
				<key>buildActionMask</key>
				<string>2147483647</string>
				<key>files</key>
				<array>
					<string>E4D8936E11527B74007E1F53</string>
					<string>E4D8936F11527B74007E1F53</string>
					<string>645C6DCD3BB9AE04C48EAD64</string>
					<string>837220E80EB56CD44AD27F2A</string>
					<string>1CD33E884D9E3358252E82A1</string>
					<string>5CBB2AB3A60F65431D7B555D</string>
					<string>B56FE57CC35806596D38118C</string>
					<string>B266578FC55D23BFEBC042E7</string>
					<string>856AA354D08AB4B323081444</string>
					<string>F285EB3169F1566CA3D93C20</string>
					<string>483908258D00B98B4BE69F07</string>
				</array>
				<key>isa</key>
				<string>PBXSourcesBuildPhase</string>
				<key>runOnlyForDeploymentPostprocessing</key>
				<string>0</string>
			</dict>
			<key>1D60588F0D05DD3D006BFB54</key>
			<dict>
				<key>buildActionMask</key>
				<string>2147483647</string>
				<key>files</key>
				<array>
					<string>E41D421413B3A95300A75A5D</string>
					<string>1D60589F0D05DD5A006BFB54</string>
					<string>1DF5F4E00D08C38300B7A737</string>
					<string>288765FD0DF74451002DB57D</string>
					<string>BB16EBD20F2B2A9500518274</string>
					<string>BB16EBD90F2B2AB500518274</string>
					<string>BBE5EAB80F49AD8400F28951</string>
					<string>53F323EB10A20EDB00E0DAE4</string>
					<string>5326AEA810A23A0500278DE6</string>
					<string>E4A823A412561BE3002F86A2</string>
					<string>E41D400B13B39D2100A75A5D</string>
					<string>E41D400C13B39D2100A75A5D</string>
					<string>E41D400D13B39D2100A75A5D</string>
					<string>E41D400E13B39D2100A75A5D</string>
				</array>
				<key>isa</key>
				<string>PBXFrameworksBuildPhase</string>
				<key>runOnlyForDeploymentPostprocessing</key>
				<string>0</string>
			</dict>
			<key>1D6058900D05DD3D006BFB54</key>
			<dict>
				<key>buildConfigurationList</key>
				<string>1D6058960D05DD3E006BFB54</string>
				<key>buildPhases</key>
				<array>
					<string>1D60588D0D05DD3D006BFB54</string>
					<string>1D60588E0D05DD3D006BFB54</string>
					<string>1D60588F0D05DD3D006BFB54</string>
					<string>9255DD331112741900D6945E</string>
				</array>
				<key>buildRules</key>
				<array />
				<key>dependencies</key>
				<array>
					<string>E41D410413B3A11300A75A5D</string>
				</array>
				<key>isa</key>
				<string>PBXNativeTarget</string>
				<key>name</key>
				<string>ofxGuiExample</string>
				<key>productName</key>
				<string>iPhone</string>
				<key>productReference</key>
				<string>1D6058910D05DD3D006BFB54</string>
				<key>productType</key>
				<string>com.apple.product-type.application</string>
			</dict>
			<key>1D6058910D05DD3D006BFB54</key>
			<dict>
				<key>explicitFileType</key>
				<string>wrapper.application</string>
				<key>includeInIndex</key>
				<string>0</string>
				<key>isa</key>
				<string>PBXFileReference</string>
				<key>path</key>
				<string>ofxGuiExample.app</string>
				<key>sourceTree</key>
				<string>BUILT_PRODUCTS_DIR</string>
			</dict>
			<key>1D6058940D05DD3E006BFB54</key>
			<dict>
				<key>buildSettings</key>
				<dict>
					<key>ALWAYS_SEARCH_USER_PATHS</key>
					<string>NO</string>
					<key>GCC_PRECOMPILE_PREFIX_HEADER</key>
					<string>YES</string>
					<key>GCC_PREFIX_HEADER</key>
					<string>ofxiOS_Prefix.pch</string>
					<key>INFOPLIST_FILE</key>
					<string>ofxiOS-Info.plist</string>
					<key>PRODUCT_NAME</key>
					<string>${TARGET_NAME}</string>
					<key>VALID_ARCHS</key>
					<string>armv6 armv7</string>
				</dict>
				<key>isa</key>
				<string>XCBuildConfiguration</string>
				<key>name</key>
				<string>Debug</string>
			</dict>
			<key>1D6058950D05DD3E006BFB54</key>
			<dict>
				<key>buildSettings</key>
				<dict>
					<key>GCC_PRECOMPILE_PREFIX_HEADER</key>
					<string>YES</string>
					<key>GCC_PREFIX_HEADER</key>
					<string>ofxiOS_Prefix.pch</string>
					<key>INFOPLIST_FILE</key>
					<string>ofxiOS-Info.plist</string>
					<key>PRODUCT_NAME</key>
					<string>${TARGET_NAME}</string>
					<key>VALID_ARCHS</key>
					<string>armv6 armv7</string>
				</dict>
				<key>isa</key>
				<string>XCBuildConfiguration</string>
				<key>name</key>
				<string>Release</string>
			</dict>
			<key>1D6058960D05DD3E006BFB54</key>
			<dict>
				<key>buildConfigurations</key>
				<array>
					<string>1D6058940D05DD3E006BFB54</string>
					<string>1D6058950D05DD3E006BFB54</string>
				</array>
				<key>defaultConfigurationIsVisible</key>
				<string>0</string>
				<key>defaultConfigurationName</key>
				<string>Release</string>
				<key>isa</key>
				<string>XCConfigurationList</string>
			</dict>
			<key>1D60589F0D05DD5A006BFB54</key>
			<dict>
				<key>fileRef</key>
				<string>1D30AB110D05D00D00671497</string>
				<key>isa</key>
				<string>PBXBuildFile</string>
			</dict>
			<key>1DF5F4DF0D08C38300B7A737</key>
			<dict>
				<key>isa</key>
				<string>PBXFileReference</string>
				<key>lastKnownFileType</key>
				<string>wrapper.framework</string>
				<key>name</key>
				<string>UIKit.framework</string>
				<key>path</key>
				<string>System/Library/Frameworks/UIKit.framework</string>
				<key>sourceTree</key>
				<string>SDKROOT</string>
			</dict>
			<key>1DF5F4E00D08C38300B7A737</key>
			<dict>
				<key>fileRef</key>
				<string>1DF5F4DF0D08C38300B7A737</string>
				<key>isa</key>
				<string>PBXBuildFile</string>
			</dict>
			<key>288765FC0DF74451002DB57D</key>
			<dict>
				<key>isa</key>
				<string>PBXFileReference</string>
				<key>lastKnownFileType</key>
				<string>wrapper.framework</string>
				<key>name</key>
				<string>CoreGraphics.framework</string>
				<key>path</key>
				<string>System/Library/Frameworks/CoreGraphics.framework</string>
				<key>sourceTree</key>
				<string>SDKROOT</string>
			</dict>
			<key>288765FD0DF74451002DB57D</key>
			<dict>
				<key>fileRef</key>
				<string>288765FC0DF74451002DB57D</string>
				<key>isa</key>
				<string>PBXBuildFile</string>
			</dict>
			<key>29B97313FDCFA39411CA2CEA</key>
			<dict>
				<key>attributes</key>
				<dict>
					<key>LastUpgradeCheck</key>
					<string>0460</string>
				</dict>
				<key>buildConfigurationList</key>
				<string>C01FCF4E08A954540054247B</string>
				<key>compatibilityVersion</key>
				<string>Xcode 3.2</string>
				<key>developmentRegion</key>
				<string>English</string>
				<key>hasScannedForEncodings</key>
				<string>1</string>
				<key>isa</key>
				<string>PBXProject</string>
				<key>knownRegions</key>
				<array>
					<string>English</string>
					<string>Japanese</string>
					<string>French</string>
					<string>German</string>
				</array>
				<key>mainGroup</key>
				<string>29B97314FDCFA39411CA2CEA</string>
				<key>projectDirPath</key>
				<string />
				<key>projectReferences</key>
				<array>
					<dict>
						<key>ProductGroup</key>
						<string>E41D40FE13B3A0D800A75A5D</string>
						<key>ProjectRef</key>
						<string>E41D40FD13B3A0D800A75A5D</string>
					</dict>
				</array>
				<key>projectRoot</key>
				<string />
				<key>targets</key>
				<array>
					<string>1D6058900D05DD3D006BFB54</string>
				</array>
			</dict>
			<key>29B97314FDCFA39411CA2CEA</key>
			<dict>
				<key>children</key>
				<array>
					<string>678E130917951536005B6D19</string>
					<string>678E130717951530005B6D19</string>
					<string>678E130B1795153C005B6D19</string>
					<string>678E130D17951540005B6D19</string>
					<string>678E130F17951549005B6D19</string>
					<string>E4D8936A11527B74007E1F53</string>
					<string>BB24E1F710DAA51900E9C588</string>
					<string>BB16F26B0F2B646B00518274</string>
					<string>BB16E9930F2B1E5900518274</string>
					<string>19C28FACFE9D520D11CA2CBB</string>
				</array>
				<key>isa</key>
				<string>PBXGroup</string>
				<key>name</key>
				<string>CustomTemplate</string>
				<key>sourceTree</key>
				<string>&lt;group&gt;</string>
			</dict>
			<key>29B97323FDCFA39411CA2CEA</key>
			<dict>
				<key>children</key>
				<array>
					<string>E41D400613B39D2100A75A5D</string>
					<string>E41D400713B39D2100A75A5D</string>
					<string>E41D400813B39D2100A75A5D</string>
					<string>E41D400913B39D2100A75A5D</string>
					<string>53F323EA10A20EDB00E0DAE4</string>
					<string>E4A823A312561BE3002F86A2</string>
					<string>BBE5EAB70F49AD8400F28951</string>
					<string>BB16EBD80F2B2AB500518274</string>
					<string>BB16EBD10F2B2A9500518274</string>
					<string>1DF5F4DF0D08C38300B7A737</string>
					<string>1D30AB110D05D00D00671497</string>
					<string>288765FC0DF74451002DB57D</string>
					<string>5326AEA710A23A0500278DE6</string>
				</array>
				<key>isa</key>
				<string>PBXGroup</string>
				<key>name</key>
				<string>core frameworks</string>
				<key>sourceTree</key>
				<string>&lt;group&gt;</string>
			</dict>
			<key>32CA4F630368D1EE00C91783</key>
			<dict>
				<key>fileEncoding</key>
				<string>4</string>
				<key>isa</key>
				<string>PBXFileReference</string>
				<key>lastKnownFileType</key>
				<string>sourcecode.c.h</string>
				<key>path</key>
				<string>ofxiOS_Prefix.pch</string>
				<key>sourceTree</key>
				<string>&lt;group&gt;</string>
			</dict>
			<key>5326AEA710A23A0500278DE6</key>
			<dict>
				<key>isa</key>
				<string>PBXFileReference</string>
				<key>lastKnownFileType</key>
				<string>wrapper.framework</string>
				<key>name</key>
				<string>CoreLocation.framework</string>
				<key>path</key>
				<string>System/Library/Frameworks/CoreLocation.framework</string>
				<key>sourceTree</key>
				<string>SDKROOT</string>
			</dict>
			<key>5326AEA810A23A0500278DE6</key>
			<dict>
				<key>fileRef</key>
				<string>5326AEA710A23A0500278DE6</string>
				<key>isa</key>
				<string>PBXBuildFile</string>
			</dict>
			<key>53F323EA10A20EDB00E0DAE4</key>
			<dict>
				<key>isa</key>
				<string>PBXFileReference</string>
				<key>lastKnownFileType</key>
				<string>wrapper.framework</string>
				<key>name</key>
				<string>OpenAL.framework</string>
				<key>path</key>
				<string>System/Library/Frameworks/OpenAL.framework</string>
				<key>sourceTree</key>
				<string>SDKROOT</string>
			</dict>
			<key>53F323EB10A20EDB00E0DAE4</key>
			<dict>
				<key>fileRef</key>
				<string>53F323EA10A20EDB00E0DAE4</string>
				<key>isa</key>
				<string>PBXBuildFile</string>
			</dict>
			<key>678E130717951530005B6D19</key>
			<dict>
				<key>isa</key>
				<string>PBXFileReference</string>
				<key>lastKnownFileType</key>
				<string>image.png</string>
				<key>name</key>
				<string>Icon@2x.png</string>
				<key>path</key>
				<string>bin/data/Icon@2x.png</string>
				<key>sourceTree</key>
				<string>&lt;group&gt;</string>
			</dict>
			<key>678E130817951530005B6D19</key>
			<dict>
				<key>fileRef</key>
				<string>678E130717951530005B6D19</string>
				<key>isa</key>
				<string>PBXBuildFile</string>
			</dict>
			<key>678E130917951536005B6D19</key>
			<dict>
				<key>isa</key>
				<string>PBXFileReference</string>
				<key>lastKnownFileType</key>
				<string>image.png</string>
				<key>name</key>
				<string>Icon.png</string>
				<key>path</key>
				<string>bin/data/Icon.png</string>
				<key>sourceTree</key>
				<string>&lt;group&gt;</string>
			</dict>
			<key>678E130A17951536005B6D19</key>
			<dict>
				<key>fileRef</key>
				<string>678E130917951536005B6D19</string>
				<key>isa</key>
				<string>PBXBuildFile</string>
			</dict>
			<key>678E130B1795153C005B6D19</key>
			<dict>
				<key>isa</key>
				<string>PBXFileReference</string>
				<key>lastKnownFileType</key>
				<string>image.png</string>
				<key>name</key>
				<string>Default.png</string>
				<key>path</key>
				<string>bin/data/Default.png</string>
				<key>sourceTree</key>
				<string>&lt;group&gt;</string>
			</dict>
			<key>678E130C1795153C005B6D19</key>
			<dict>
				<key>fileRef</key>
				<string>678E130B1795153C005B6D19</string>
				<key>isa</key>
				<string>PBXBuildFile</string>
			</dict>
			<key>678E130D17951540005B6D19</key>
			<dict>
				<key>isa</key>
				<string>PBXFileReference</string>
				<key>lastKnownFileType</key>
				<string>image.png</string>
				<key>name</key>
				<string>Default@2x.png</string>
				<key>path</key>
				<string>bin/data/Default@2x.png</string>
				<key>sourceTree</key>
				<string>&lt;group&gt;</string>
			</dict>
			<key>678E130E17951540005B6D19</key>
			<dict>
				<key>fileRef</key>
				<string>678E130D17951540005B6D19</string>
				<key>isa</key>
				<string>PBXBuildFile</string>
			</dict>
			<key>678E130F17951549005B6D19</key>
			<dict>
				<key>isa</key>
				<string>PBXFileReference</string>
				<key>lastKnownFileType</key>
				<string>image.png</string>
				<key>name</key>
				<string>Default-568h@2x~iphone.png</string>
				<key>path</key>
				<string>bin/data/Default-568h@2x~iphone.png</string>
				<key>sourceTree</key>
				<string>&lt;group&gt;</string>
			</dict>
			<key>678E131017951549005B6D19</key>
			<dict>
				<key>fileRef</key>
				<string>678E130F17951549005B6D19</string>
				<key>isa</key>
				<string>PBXBuildFile</string>
			</dict>
			<key>9255DD331112741900D6945E</key>
			<dict>
				<key>buildActionMask</key>
				<string>2147483647</string>
				<key>files</key>
				<array />
				<key>inputPaths</key>
				<array />
				<key>isa</key>
				<string>PBXShellScriptBuildPhase</string>
				<key>outputPaths</key>
				<array />
				<key>runOnlyForDeploymentPostprocessing</key>
				<string>0</string>
				<key>shellPath</key>
				<string>/bin/sh</string>
				<key>shellScript</key>
				<string>cp -rf bin/data/ "$TARGET_BUILD_DIR/$PRODUCT_NAME.app"
</string>
			</dict>
			<key>BB16E9930F2B1E5900518274</key>
			<dict>
				<key>children</key>
				<array>
					<string>BBE5E94E0F497BD800F28951</string>
				</array>
				<key>isa</key>
				<string>PBXGroup</string>
				<key>name</key>
				<string>libs</string>
				<key>sourceTree</key>
				<string>&lt;group&gt;</string>
			</dict>
			<key>BB16EBD10F2B2A9500518274</key>
			<dict>
				<key>isa</key>
				<string>PBXFileReference</string>
				<key>lastKnownFileType</key>
				<string>wrapper.framework</string>
				<key>name</key>
				<string>OpenGLES.framework</string>
				<key>path</key>
				<string>System/Library/Frameworks/OpenGLES.framework</string>
				<key>sourceTree</key>
				<string>SDKROOT</string>
			</dict>
			<key>BB16EBD20F2B2A9500518274</key>
			<dict>
				<key>fileRef</key>
				<string>BB16EBD10F2B2A9500518274</string>
				<key>isa</key>
				<string>PBXBuildFile</string>
			</dict>
			<key>BB16EBD80F2B2AB500518274</key>
			<dict>
				<key>isa</key>
				<string>PBXFileReference</string>
				<key>lastKnownFileType</key>
				<string>wrapper.framework</string>
				<key>name</key>
				<string>QuartzCore.framework</string>
				<key>path</key>
				<string>System/Library/Frameworks/QuartzCore.framework</string>
				<key>sourceTree</key>
				<string>SDKROOT</string>
			</dict>
			<key>BB16EBD90F2B2AB500518274</key>
			<dict>
				<key>fileRef</key>
				<string>BB16EBD80F2B2AB500518274</string>
				<key>isa</key>
				<string>PBXBuildFile</string>
			</dict>
			<key>BB16F26B0F2B646B00518274</key>
			<dict>
				<key>children</key>
				<array>
					<string>F7CAC7864EFA03C87A8E0818</string>
					<string>480A780D8D0308AE4A368801</string>
				</array>
				<key>isa</key>
				<string>PBXGroup</string>
				<key>name</key>
				<string>addons</string>
				<key>sourceTree</key>
				<string>&lt;group&gt;</string>
			</dict>
			<key>BB24DDC910DA781C00E9C588</key>
			<dict>
				<key>fileEncoding</key>
				<string>4</string>
				<key>isa</key>
				<string>PBXFileReference</string>
				<key>lastKnownFileType</key>
				<string>text.plist.xml</string>
				<key>path</key>
				<string>ofxiOS-Info.plist</string>
				<key>sourceTree</key>
				<string>&lt;group&gt;</string>
			</dict>
			<key>BB24E1F710DAA51900E9C588</key>
			<dict>
				<key>children</key>
				<array>
					<string>E41D40FD13B3A0D800A75A5D</string>
					<string>32CA4F630368D1EE00C91783</string>
					<string>BB24DDC910DA781C00E9C588</string>
					<string>E41D3EE513B3906D00A75A5D</string>
					<string>E41D3ED613B38FB500A75A5D</string>
				</array>
				<key>isa</key>
				<string>PBXGroup</string>
				<key>name</key>
				<string>openFrameworks</string>
				<key>sourceTree</key>
				<string>&lt;group&gt;</string>
			</dict>
			<key>BBE5E94E0F497BD800F28951</key>
			<dict>
				<key>children</key>
				<array>
					<string>29B97323FDCFA39411CA2CEA</string>
				</array>
				<key>isa</key>
				<string>PBXGroup</string>
				<key>name</key>
				<string>core</string>
				<key>sourceTree</key>
				<string>&lt;group&gt;</string>
			</dict>
			<key>BBE5EAB70F49AD8400F28951</key>
			<dict>
				<key>isa</key>
				<string>PBXFileReference</string>
				<key>lastKnownFileType</key>
				<string>wrapper.framework</string>
				<key>name</key>
				<string>AudioToolbox.framework</string>
				<key>path</key>
				<string>System/Library/Frameworks/AudioToolbox.framework</string>
				<key>sourceTree</key>
				<string>SDKROOT</string>
			</dict>
			<key>BBE5EAB80F49AD8400F28951</key>
			<dict>
				<key>fileRef</key>
				<string>BBE5EAB70F49AD8400F28951</string>
				<key>isa</key>
				<string>PBXBuildFile</string>
			</dict>
			<key>C01FCF4E08A954540054247B</key>
			<dict>
				<key>buildConfigurations</key>
				<array>
					<string>C01FCF4F08A954540054247B</string>
					<string>C01FCF5008A954540054247B</string>
				</array>
				<key>defaultConfigurationIsVisible</key>
				<string>0</string>
				<key>defaultConfigurationName</key>
				<string>Release</string>
				<key>isa</key>
				<string>XCConfigurationList</string>
			</dict>
			<key>C01FCF4F08A954540054247B</key>
			<dict>
				<key>baseConfigurationReference</key>
				<string>E41D3ED613B38FB500A75A5D</string>
				<key>buildSettings</key>
				<dict>
					<key>HEADER_SEARCH_PATHS</key>
					<array>
						<string>$(OF_CORE_HEADERS)</string>
						<string>../../../addons/ofxAccelerometer/libs</string>
						<string>../../../addons/ofxAccelerometer/src</string>
						<string>../../../addons/ofxGui/libs</string>
						<string>../../../addons/ofxGui/src</string>
						<string>src</string>
					</array>
					<key>ALWAYS_SEARCH_USER_PATHS</key>
					<string>YES</string>
					<key>ARCHS</key>
					<string>$(ARCHS_STANDARD_32_BIT)</string>
					<key>CLANG_CXX_LIBRARY</key>
					<string>libstdc++</string>
					<key>CODE_SIGN_IDENTITY</key>
					<string />
					<key>CODE_SIGN_IDENTITY[sdk=iphoneos*]</key>
					<string>iPhone Developer</string>
					<key>COMPRESS_PNG_FILES</key>
					<string>NO</string>
					<key>GCC_C_LANGUAGE_STANDARD</key>
					<string>c99</string>
					<key>GCC_OPTIMIZATION_LEVEL</key>
					<string>0</string>
					<key>GCC_SYMBOLS_PRIVATE_EXTERN</key>
					<string>NO</string>
					<key>GCC_WARN_ABOUT_INVALID_OFFSETOF_MACRO</key>
					<string>NO</string>
					<key>GCC_WARN_ABOUT_POINTER_SIGNEDNESS</key>
					<string>NO</string>
					<key>GCC_WARN_ABOUT_RETURN_TYPE</key>
					<string>YES</string>
					<key>GCC_WARN_ALLOW_INCOMPLETE_PROTOCOL</key>
					<string>NO</string>
					<key>GCC_WARN_PROTOTYPE_CONVERSION</key>
					<string>NO</string>
					<key>GCC_WARN_UNUSED_VARIABLE</key>
					<string>YES</string>
					<key>IPHONEOS_DEPLOYMENT_TARGET</key>
					<string>3.1</string>
					<key>ONLY_ACTIVE_ARCH</key>
					<string>NO</string>
					<key>PROVISIONING_PROFILE[sdk=iphoneos*]</key>
					<string />
					<key>SDKROOT</key>
					<string>iphoneos</string>
					<key>TARGETED_DEVICE_FAMILY</key>
					<string>1</string>
					<key>WARNING_LDFLAGS</key>
					<string>-no_arch_warnings</string>
				</dict>
				<key>isa</key>
				<string>XCBuildConfiguration</string>
				<key>name</key>
				<string>Debug</string>
			</dict>
			<key>C01FCF5008A954540054247B</key>
			<dict>
				<key>baseConfigurationReference</key>
				<string>E41D3ED613B38FB500A75A5D</string>
				<key>buildSettings</key>
				<dict>
					<key>HEADER_SEARCH_PATHS</key>
					<array>
						<string>$(OF_CORE_HEADERS)</string>
						<string>../../../addons/ofxAccelerometer/libs</string>
						<string>../../../addons/ofxAccelerometer/src</string>
						<string>../../../addons/ofxGui/libs</string>
						<string>../../../addons/ofxGui/src</string>
						<string>src</string>
					</array>
					<key>ALWAYS_SEARCH_USER_PATHS</key>
					<string>YES</string>
					<key>ARCHS</key>
					<string>$(ARCHS_STANDARD_32_BIT)</string>
					<key>CLANG_CXX_LIBRARY</key>
					<string>libstdc++</string>
					<key>CODE_SIGN_IDENTITY</key>
					<string />
					<key>CODE_SIGN_IDENTITY[sdk=iphoneos*]</key>
					<string>iPhone Developer</string>
					<key>COMPRESS_PNG_FILES</key>
					<string>NO</string>
					<key>GCC_C_LANGUAGE_STANDARD</key>
					<string>c99</string>
					<key>GCC_DYNAMIC_NO_PIC</key>
					<string>YES</string>
					<key>GCC_GENERATE_DEBUGGING_SYMBOLS</key>
					<string>NO</string>
					<key>GCC_OPTIMIZATION_LEVEL</key>
					<string>3</string>
					<key>GCC_SYMBOLS_PRIVATE_EXTERN</key>
					<string>NO</string>
					<key>GCC_THUMB_SUPPORT</key>
					<string>NO</string>
					<key>GCC_WARN_ABOUT_RETURN_TYPE</key>
					<string>YES</string>
					<key>GCC_WARN_UNUSED_VARIABLE</key>
					<string>YES</string>
					<key>IPHONEOS_DEPLOYMENT_TARGET</key>
					<string>3.1</string>
					<key>ONLY_ACTIVE_ARCH</key>
					<string>NO</string>
					<key>SDKROOT</key>
					<string>iphoneos</string>
					<key>TARGETED_DEVICE_FAMILY</key>
					<string>1</string>
					<key>WARNING_LDFLAGS</key>
					<string>-no_arch_warnings</string>
				</dict>
				<key>isa</key>
				<string>XCBuildConfiguration</string>
				<key>name</key>
				<string>Release</string>
			</dict>
			<key>E41D3ED613B38FB500A75A5D</key>
			<dict>
				<key>fileEncoding</key>
				<string>4</string>
				<key>isa</key>
				<string>PBXFileReference</string>
				<key>lastKnownFileType</key>
				<string>text.xcconfig</string>
				<key>path</key>
				<string>Project.xcconfig</string>
				<key>sourceTree</key>
				<string>&lt;group&gt;</string>
			</dict>
			<key>E41D3ED713B38FB500A75A5D</key>
			<dict>
				<key>fileRef</key>
				<string>E41D3ED613B38FB500A75A5D</string>
				<key>isa</key>
				<string>PBXBuildFile</string>
			</dict>
			<key>E41D3EE513B3906D00A75A5D</key>
			<dict>
				<key>fileEncoding</key>
				<string>4</string>
				<key>isa</key>
				<string>PBXFileReference</string>
				<key>lastKnownFileType</key>
				<string>text.xcconfig</string>
				<key>name</key>
				<string>CoreOF.xcconfig</string>
				<key>path</key>
				<string>../../../libs/openFrameworksCompiled/project/ios/CoreOF.xcconfig</string>
				<key>sourceTree</key>
				<string>SOURCE_ROOT</string>
			</dict>
			<key>E41D3EE613B3906D00A75A5D</key>
			<dict>
				<key>fileRef</key>
				<string>E41D3EE513B3906D00A75A5D</string>
				<key>isa</key>
				<string>PBXBuildFile</string>
			</dict>
			<key>E41D400613B39D2100A75A5D</key>
			<dict>
				<key>isa</key>
				<string>PBXFileReference</string>
				<key>lastKnownFileType</key>
				<string>wrapper.framework</string>
				<key>name</key>
				<string>AVFoundation.framework</string>
				<key>path</key>
				<string>System/Library/Frameworks/AVFoundation.framework</string>
				<key>sourceTree</key>
				<string>SDKROOT</string>
			</dict>
			<key>E41D400713B39D2100A75A5D</key>
			<dict>
				<key>isa</key>
				<string>PBXFileReference</string>
				<key>lastKnownFileType</key>
				<string>wrapper.framework</string>
				<key>name</key>
				<string>CoreMedia.framework</string>
				<key>path</key>
				<string>System/Library/Frameworks/CoreMedia.framework</string>
				<key>sourceTree</key>
				<string>SDKROOT</string>
			</dict>
			<key>E41D400813B39D2100A75A5D</key>
			<dict>
				<key>isa</key>
				<string>PBXFileReference</string>
				<key>lastKnownFileType</key>
				<string>wrapper.framework</string>
				<key>name</key>
				<string>CoreVideo.framework</string>
				<key>path</key>
				<string>System/Library/Frameworks/CoreVideo.framework</string>
				<key>sourceTree</key>
				<string>SDKROOT</string>
			</dict>
			<key>E41D400913B39D2100A75A5D</key>
			<dict>
				<key>isa</key>
				<string>PBXFileReference</string>
				<key>lastKnownFileType</key>
				<string>wrapper.framework</string>
				<key>name</key>
				<string>MapKit.framework</string>
				<key>path</key>
				<string>System/Library/Frameworks/MapKit.framework</string>
				<key>sourceTree</key>
				<string>SDKROOT</string>
			</dict>
			<key>E41D400B13B39D2100A75A5D</key>
			<dict>
				<key>fileRef</key>
				<string>E41D400613B39D2100A75A5D</string>
				<key>isa</key>
				<string>PBXBuildFile</string>
			</dict>
			<key>E41D400C13B39D2100A75A5D</key>
			<dict>
				<key>fileRef</key>
				<string>E41D400713B39D2100A75A5D</string>
				<key>isa</key>
				<string>PBXBuildFile</string>
			</dict>
			<key>E41D400D13B39D2100A75A5D</key>
			<dict>
				<key>fileRef</key>
				<string>E41D400813B39D2100A75A5D</string>
				<key>isa</key>
				<string>PBXBuildFile</string>
			</dict>
			<key>E41D400E13B39D2100A75A5D</key>
			<dict>
				<key>fileRef</key>
				<string>E41D400913B39D2100A75A5D</string>
				<key>isa</key>
				<string>PBXBuildFile</string>
			</dict>
			<key>E41D40FD13B3A0D800A75A5D</key>
			<dict>
				<key>isa</key>
				<string>PBXFileReference</string>
				<key>lastKnownFileType</key>
				<string>wrapper.pb-project</string>
				<key>name</key>
				<string>iOS+OFLib.xcodeproj</string>
				<key>path</key>
				<string>../../../libs/openFrameworksCompiled/project/ios/iOS+OFLib.xcodeproj</string>
				<key>sourceTree</key>
				<string>SOURCE_ROOT</string>
			</dict>
			<key>E41D40FE13B3A0D800A75A5D</key>
			<dict>
				<key>children</key>
				<array>
					<string>E41D410213B3A0D800A75A5D</string>
				</array>
				<key>isa</key>
				<string>PBXGroup</string>
				<key>name</key>
				<string>Products</string>
				<key>sourceTree</key>
				<string>&lt;group&gt;</string>
			</dict>
			<key>E41D410113B3A0D800A75A5D</key>
			<dict>
				<key>containerPortal</key>
				<string>E41D40FD13B3A0D800A75A5D</string>
				<key>isa</key>
				<string>PBXContainerItemProxy</string>
				<key>proxyType</key>
				<string>2</string>
				<key>remoteGlobalIDString</key>
				<string>BB24DED610DA7A3F00E9C588</string>
				<key>remoteInfo</key>
				<string>iPhone+OF Static Library</string>
			</dict>
			<key>E41D410213B3A0D800A75A5D</key>
			<dict>
				<key>fileType</key>
				<string>archive.ar</string>
				<key>isa</key>
				<string>PBXReferenceProxy</string>
				<key>path</key>
				<string>libofxiOS_iphoneos_Debug.a</string>
				<key>remoteRef</key>
				<string>E41D410113B3A0D800A75A5D</string>
				<key>sourceTree</key>
				<string>BUILT_PRODUCTS_DIR</string>
			</dict>
			<key>E41D410313B3A11300A75A5D</key>
			<dict>
				<key>containerPortal</key>
				<string>E41D40FD13B3A0D800A75A5D</string>
				<key>isa</key>
				<string>PBXContainerItemProxy</string>
				<key>proxyType</key>
				<string>1</string>
				<key>remoteGlobalIDString</key>
				<string>BB24DE5C10DA7A3F00E9C588</string>
				<key>remoteInfo</key>
				<string>iPhone+OF Static Library</string>
			</dict>
			<key>E41D410413B3A11300A75A5D</key>
			<dict>
				<key>isa</key>
				<string>PBXTargetDependency</string>
				<key>name</key>
				<string>iPhone+OF Static Library</string>
				<key>targetProxy</key>
				<string>E41D410313B3A11300A75A5D</string>
			</dict>
			<key>E41D421413B3A95300A75A5D</key>
			<dict>
				<key>fileRef</key>
				<string>E41D410213B3A0D800A75A5D</string>
				<key>isa</key>
				<string>PBXBuildFile</string>
			</dict>
			<key>E4A823A312561BE3002F86A2</key>
			<dict>
				<key>isa</key>
				<string>PBXFileReference</string>
				<key>lastKnownFileType</key>
				<string>wrapper.framework</string>
				<key>name</key>
				<string>CoreGraphics.framework</string>
				<key>path</key>
				<string>System/Library/Frameworks/CoreGraphics.framework</string>
				<key>sourceTree</key>
				<string>SDKROOT</string>
			</dict>
			<key>E4A823A412561BE3002F86A2</key>
			<dict>
				<key>fileRef</key>
				<string>E4A823A312561BE3002F86A2</string>
				<key>isa</key>
				<string>PBXBuildFile</string>
			</dict>
			<key>E4D8936A11527B74007E1F53</key>
			<dict>
				<key>children</key>
				<array>
					<string>E4D8936B11527B74007E1F53</string>
					<string>E4D8936D11527B74007E1F53</string>
					<string>E4D8936C11527B74007E1F53</string>
				</array>
				<key>isa</key>
				<string>PBXGroup</string>
				<key>path</key>
				<string>src</string>
				<key>sourceTree</key>
				<string>SOURCE_ROOT</string>
			</dict>
			<key>E4D8936B11527B74007E1F53</key>
			<dict>
				<key>fileEncoding</key>
				<string>4</string>
				<key>isa</key>
				<string>PBXFileReference</string>
				<key>lastKnownFileType</key>
				<string>sourcecode.cpp.objcpp</string>
				<key>name</key>
				<string>main.mm</string>
				<key>path</key>
				<string>src/main.mm</string>
				<key>sourceTree</key>
				<string>SOURCE_ROOT</string>
			</dict>
			<key>E4D8936C11527B74007E1F53</key>
			<dict>
				<key>fileEncoding</key>
				<string>4</string>
				<key>isa</key>
				<string>PBXFileReference</string>
				<key>lastKnownFileType</key>
				<string>sourcecode.c.h</string>
				<key>name</key>
				<string>ofApp.h</string>
				<key>path</key>
				<string>src/ofApp.h</string>
				<key>sourceTree</key>
				<string>SOURCE_ROOT</string>
			</dict>
			<key>E4D8936D11527B74007E1F53</key>
			<dict>
				<key>fileEncoding</key>
				<string>4</string>
				<key>isa</key>
				<string>PBXFileReference</string>
				<key>lastKnownFileType</key>
				<string>sourcecode.cpp.objcpp</string>
				<key>name</key>
				<string>ofApp.mm</string>
				<key>path</key>
				<string>src/ofApp.mm</string>
				<key>sourceTree</key>
				<string>SOURCE_ROOT</string>
			</dict>
			<key>E4D8936E11527B74007E1F53</key>
			<dict>
				<key>fileRef</key>
				<string>E4D8936B11527B74007E1F53</string>
				<key>isa</key>
				<string>PBXBuildFile</string>
			</dict>
			<key>E4D8936F11527B74007E1F53</key>
			<dict>
				<key>fileRef</key>
				<string>E4D8936D11527B74007E1F53</string>
				<key>isa</key>
				<string>PBXBuildFile</string>
			</dict>
		</dict>
		<key>rootObject</key>
		<string>29B97313FDCFA39411CA2CEA</string>
	</dict>
</plist>
